// !$*UTF8*$!
{
	archiveVersion = 1;
	classes = {
	};
	objectVersion = 46;
	objects = {

/* Begin PBXBuildFile section */
		956828401553C0DD00A764FA /* Foundation.framework in Frameworks */ = {isa = PBXBuildFile; fileRef = 9568283F1553C0DD00A764FA /* Foundation.framework */; };
		956828431553C0DD00A764FA /* main.m in Sources */ = {isa = PBXBuildFile; fileRef = 956828421553C0DD00A764FA /* main.m */; };
		956828471553C0DD00A764FA /* prog1.1 in CopyFiles */ = {isa = PBXBuildFile; fileRef = 956828461553C0DD00A764FA /* prog1.1 */; };
/* End PBXBuildFile section */

/* Begin PBXCopyFilesBuildPhase section */
		956828391553C0DD00A764FA /* CopyFiles */ = {
			isa = PBXCopyFilesBuildPhase;
			buildActionMask = 2147483647;
			dstPath = /usr/share/man/man1/;
			dstSubfolderSpec = 0;
			files = (
				956828471553C0DD00A764FA /* prog1.1 in CopyFiles */,
			);
			runOnlyForDeploymentPostprocessing = 1;
		};
/* End PBXCopyFilesBuildPhase section */

/* Begin PBXFileReference section */
		9568283B1553C0DD00A764FA /* prog1 */ = {isa = PBXFileReference; explicitFileType = "compiled.mach-o.executable"; includeInIndex = 0; path = prog1; sourceTree = BUILT_PRODUCTS_DIR; };
		9568283F1553C0DD00A764FA /* Foundation.framework */ = {isa = PBXFileReference; lastKnownFileType = wrapper.framework; name = Foundation.framework; path = System/Library/Frameworks/Foundation.framework; sourceTree = SDKROOT; };
		956828421553C0DD00A764FA /* main.m */ = {isa = PBXFileReference; lastKnownFileType = sourcecode.c.objc; path = main.m; sourceTree = "<group>"; };
		956828451553C0DD00A764FA /* prog1-Prefix.pch */ = {isa = PBXFileReference; path = "prog1-Prefix.pch"; sourceTree = "<group>"; };
		956828461553C0DD00A764FA /* prog1.1 */ = {isa = PBXFileReference; lastKnownFileType = text.man; path = prog1.1; sourceTree = "<group>"; };
/* End PBXFileReference section */

/* Begin PBXFrameworksBuildPhase section */
		956828381553C0DD00A764FA /* Frameworks */ = {
			isa = PBXFrameworksBuildPhase;
			buildActionMask = 2147483647;
			files = (
				956828401553C0DD00A764FA /* Foundation.framework in Frameworks */,
			);
			runOnlyForDeploymentPostprocessing = 0;
		};
/* End PBXFrameworksBuildPhase section */

/* Begin PBXGroup section */
		956828301553C0DD00A764FA = {
			isa = PBXGroup;
			children = (
				956828411553C0DD00A764FA /* prog1 */,
				9568283E1553C0DD00A764FA /* Frameworks */,
				9568283C1553C0DD00A764FA /* Products */,
			);
			sourceTree = "<group>";
		};
		9568283C1553C0DD00A764FA /* Products */ = {
			isa = PBXGroup;
			children = (
				9568283B1553C0DD00A764FA /* prog1 */,
			);
			name = Products;
			sourceTree = "<group>";
		};
		9568283E1553C0DD00A764FA /* Frameworks */ = {
			isa = PBXGroup;
			children = (
				9568283F1553C0DD00A764FA /* Foundation.framework */,
			);
			name = Frameworks;
			sourceTree = "<group>";
		};
		956828411553C0DD00A764FA /* prog1 */ = {
			isa = PBXGroup;
			children = (
				956828421553C0DD00A764FA /* main.m */,
				956828461553C0DD00A764FA /* prog1.1 */,
				956828441553C0DD00A764FA /* Supporting Files */,
			);
			path = prog1;
			sourceTree = "<group>";
		};
		956828441553C0DD00A764FA /* Supporting Files */ = {
			isa = PBXGroup;
			children = (
				956828451553C0DD00A764FA /* prog1-Prefix.pch */,
			);
			name = "Supporting Files";
			sourceTree = "<group>";
		};
/* End PBXGroup section */

/* Begin PBXNativeTarget section */
		9568283A1553C0DD00A764FA /* prog1 */ = {
			isa = PBXNativeTarget;
			buildConfigurationList = 9568284A1553C0DD00A764FA /* Build configuration list for PBXNativeTarget "prog1" */;
			buildPhases = (
				956828371553C0DD00A764FA /* Sources */,
				956828381553C0DD00A764FA /* Frameworks */,
				956828391553C0DD00A764FA /* CopyFiles */,
			);
			buildRules = (
			);
			dependencies = (
			);
			name = prog1;
			productName = prog1;
			productReference = 9568283B1553C0DD00A764FA /* prog1 */;
			productType = "com.apple.product-type.tool";
		};
/* End PBXNativeTarget section */

/* Begin PBXProject section */
		956828321553C0DD00A764FA /* Project object */ = {
			isa = PBXProject;
			attributes = {
				LastUpgradeCheck = 0430;
				ORGANIZATIONNAME = Queensbridge;
			};
			buildConfigurationList = 956828351553C0DD00A764FA /* Build configuration list for PBXProject "prog1" */;
			compatibilityVersion = "Xcode 3.2";
			developmentRegion = English;
			hasScannedForEncodings = 0;
			knownRegions = (
				en,
			);
			mainGroup = 956828301553C0DD00A764FA;
			productRefGroup = 9568283C1553C0DD00A764FA /* Products */;
			projectDirPath = "";
			projectRoot = "";
			targets = (
				9568283A1553C0DD00A764FA /* prog1 */,
			);
		};
/* End PBXProject section */

/* Begin PBXSourcesBuildPhase section */
		956828371553C0DD00A764FA /* Sources */ = {
			isa = PBXSourcesBuildPhase;
			buildActionMask = 2147483647;
			files = (
				956828431553C0DD00A764FA /* main.m in Sources */,
			);
			runOnlyForDeploymentPostprocessing = 0;
		};
/* End PBXSourcesBuildPhase section */

/* Begin XCBuildConfiguration section */
		956828481553C0DD00A764FA /* Debug */ = {
			isa = XCBuildConfiguration;
			buildSettings = {
				ALWAYS_SEARCH_USER_PATHS = NO;
				ARCHS = "$(ARCHS_STANDARD_64_BIT)";
				COPY_PHASE_STRIP = NO;
				GCC_C_LANGUAGE_STANDARD = gnu99;
				GCC_DYNAMIC_NO_PIC = NO;
				GCC_ENABLE_OBJC_EXCEPTIONS = YES;
				GCC_OPTIMIZATION_LEVEL = 0;
				GCC_PREPROCESSOR_DEFINITIONS = (
					"DEBUG=1",
					"$(inherited)",
				);
				GCC_SYMBOLS_PRIVATE_EXTERN = NO;
				GCC_VERSION = com.apple.compilers.llvm.clang.1_0;
				GCC_WARN_64_TO_32_BIT_CONVERSION = YES;
				GCC_WARN_ABOUT_RETURN_TYPE = YES;
				GCC_WARN_UNINITIALIZED_AUTOS = YES;
				GCC_WARN_UNUSED_VARIABLE = YES;
				MACOSX_DEPLOYMENT_TARGET = 10.7;
				ONLY_ACTIVE_ARCH = YES;
				SDKROOT = macosx;
			};
			name = Debug;
		};
		956828491553C0DD00A764FA /* Release */ = {
			isa = XCBuildConfiguration;
			buildSettings = {
				ALWAYS_SEARCH_USER_PATHS = NO;
				ARCHS = "$(ARCHS_STANDARD_64_BIT)";
				COPY_PHASE_STRIP = YES;
				DEBUG_INFORMATION_FORMAT = "dwarf-with-dsym";
				GCC_C_LANGUAGE_STANDARD = gnu99;
				GCC_ENABLE_OBJC_EXCEPTIONS = YES;
				GCC_VERSION = com.apple.compilers.llvm.clang.1_0;
				GCC_WARN_64_TO_32_BIT_CONVERSION = YES;
				GCC_WARN_ABOUT_RETURN_TYPE = YES;
				GCC_WARN_UNINITIALIZED_AUTOS = YES;
				GCC_WARN_UNUSED_VARIABLE = YES;
				MACOSX_DEPLOYMENT_TARGET = 10.7;
				SDKROOT = macosx;
			};
			name = Release;
		};
		9568284B1553C0DD00A764FA /* Debug */ = {
			isa = XCBuildConfiguration;
			buildSettings = {
				GCC_PRECOMPILE_PREFIX_HEADER = YES;
				GCC_PREFIX_HEADER = "prog1/prog1-Prefix.pch";
				PRODUCT_NAME = "$(TARGET_NAME)";
			};
			name = Debug;
		};
		9568284C1553C0DD00A764FA /* Release */ = {
			isa = XCBuildConfiguration;
			buildSettings = {
				GCC_PRECOMPILE_PREFIX_HEADER = YES;
				GCC_PREFIX_HEADER = "prog1/prog1-Prefix.pch";
				PRODUCT_NAME = "$(TARGET_NAME)";
			};
			name = Release;
		};
/* End XCBuildConfiguration section */

/* Begin XCConfigurationList section */
		956828351553C0DD00A764FA /* Build configuration list for PBXProject "prog1" */ = {
			isa = XCConfigurationList;
			buildConfigurations = (
				956828481553C0DD00A764FA /* Debug */,
				956828491553C0DD00A764FA /* Release */,
			);
			defaultConfigurationIsVisible = 0;
			defaultConfigurationName = Release;
		};
		9568284A1553C0DD00A764FA /* Build configuration list for PBXNativeTarget "prog1" */ = {
			isa = XCConfigurationList;
			buildConfigurations = (
				9568284B1553C0DD00A764FA /* Debug */,
				9568284C1553C0DD00A764FA /* Release */,
			);
			defaultConfigurationIsVisible = 0;
		};
/* End XCConfigurationList section */
	};
	rootObject = 956828321553C0DD00A764FA /* Project object */;
}
